
Microsoft Visual Studio Solution File, Format Version 12.00
Project("{FAE04EC0-301F-11D3-BF4B-00C04F79EFBC}") = "Pipeman", "Pipeman\Pipeman.csproj", "{A5D6119E-45D0-479A-A76D-F3D8D5E068C3}"
EndProject
Project("{FAE04EC0-301F-11D3-BF4B-00C04F79EFBC}") = "Pipeman.Tests", "Pipeman.Tests\Pipeman.Tests.csproj", "{BC09C87B-95DD-4A09-BF2E-C272E605ECE4}"
EndProject
Global
	GlobalSection(SolutionConfigurationPlatforms) = preSolution
		Debug|Any CPU = Debug|Any CPU
		Release|Any CPU = Release|Any CPU
	EndGlobalSection
	GlobalSection(ProjectConfigurationPlatforms) = postSolution
		{A5D6119E-45D0-479A-A76D-F3D8D5E068C3}.Debug|Any CPU.ActiveCfg = Debug|Any CPU
		{A5D6119E-45D0-479A-A76D-F3D8D5E068C3}.Debug|Any CPU.Build.0 = Debug|Any CPU
		{A5D6119E-45D0-479A-A76D-F3D8D5E068C3}.Release|Any CPU.ActiveCfg = Release|Any CPU
		{A5D6119E-45D0-479A-A76D-F3D8D5E068C3}.Release|Any CPU.Build.0 = Release|Any CPU
		{BC09C87B-95DD-4A09-BF2E-C272E605ECE4}.Debug|Any CPU.ActiveCfg = Debug|Any CPU
		{BC09C87B-95DD-4A09-BF2E-C272E605ECE4}.Debug|Any CPU.Build.0 = Debug|Any CPU
		{BC09C87B-95DD-4A09-BF2E-C272E605ECE4}.Release|Any CPU.ActiveCfg = Release|Any CPU
		{BC09C87B-95DD-4A09-BF2E-C272E605ECE4}.Release|Any CPU.Build.0 = Release|Any CPU
	EndGlobalSection
EndGlobal
